
Microsoft Visual Studio Solution File, Format Version 12.00
# Visual Studio Version 17
VisualStudioVersion = 17.11.35327.3
MinimumVisualStudioVersion = 10.0.40219.1
Project("{FAE04EC0-301F-11D3-BF4B-00C04F79EFBC}") = "3", "3\3.csproj", "{E359242B-D432-4A19-9990-A26AF53E981A}"
EndProject
Global
	GlobalSection(SolutionConfigurationPlatforms) = preSolution
		Debug|Any CPU = Debug|Any CPU
		Release|Any CPU = Release|Any CPU
	EndGlobalSection
	GlobalSection(ProjectConfigurationPlatforms) = postSolution
		{E359242B-D432-4A19-9990-A26AF53E981A}.Debug|Any CPU.ActiveCfg = Debug|Any CPU
		{E359242B-D432-4A19-9990-A26AF53E981A}.Debug|Any CPU.Build.0 = Debug|Any CPU
		{E359242B-D432-4A19-9990-A26AF53E981A}.Release|Any CPU.ActiveCfg = Release|Any CPU
		{E359242B-D432-4A19-9990-A26AF53E981A}.Release|Any CPU.Build.0 = Release|Any CPU
	EndGlobalSection
	GlobalSection(SolutionProperties) = preSolution
		HideSolutionNode = FALSE
	EndGlobalSection
	GlobalSection(ExtensibilityGlobals) = postSolution
		SolutionGuid = {7A5CC200-B50C-438E-A075-E3C0B67F4ECC}
	EndGlobalSection
EndGlobal
